// !$*UTF8*$!
{
	archiveVersion = 1;
	classes = {
	};
	objectVersion = 51;
	objects = {

/* Begin PBXBuildFile section */
		8259AAF9256B9C19006698FC /* Bucket.swift in Sources */ = {isa = PBXBuildFile; fileRef = 8259AAF8256B9C19006698FC /* Bucket.swift */; };
		8259AAFD256B9D49006698FC /* BucketListViewModel.swift in Sources */ = {isa = PBXBuildFile; fileRef = 8259AAFC256B9D49006698FC /* BucketListViewModel.swift */; };
		82A7290E256F41DD00BD5797 /* BucketListUseCase.swift in Sources */ = {isa = PBXBuildFile; fileRef = 82A7290D256F41DD00BD5797 /* BucketListUseCase.swift */; };
		82A72913256F437200BD5797 /* BucketListRepository.swift in Sources */ = {isa = PBXBuildFile; fileRef = 82A72912256F437100BD5797 /* BucketListRepository.swift */; };
		82A72917256F43E100BD5797 /* BucketLocalAgent.swift in Sources */ = {isa = PBXBuildFile; fileRef = 82A72916256F43E100BD5797 /* BucketLocalAgent.swift */; };
		82A7291B256F448100BD5797 /* BucketAPIAgent.swift in Sources */ = {isa = PBXBuildFile; fileRef = 82A7291A256F448100BD5797 /* BucketAPIAgent.swift */; };
		82A7291F256F4BCB00BD5797 /* RealmBucket.swift in Sources */ = {isa = PBXBuildFile; fileRef = 82A7291E256F4BCB00BD5797 /* RealmBucket.swift */; };
		B20CB3CD1814FA9193815C42 /* Pods_project04.framework in Frameworks */ = {isa = PBXBuildFile; fileRef = 549A8B673E411EE0B839D8C7 /* Pods_project04.framework */; };
		C11AC460256B7F8B00E45667 /* .swiftlint.yml in Resources */ = {isa = PBXBuildFile; fileRef = C11AC45F256B7F8B00E45667 /* .swiftlint.yml */; };
		C1655C95256B7ED10067E3C5 /* AppDelegate.swift in Sources */ = {isa = PBXBuildFile; fileRef = C1655C94256B7ED10067E3C5 /* AppDelegate.swift */; };
		C1655C97256B7ED10067E3C5 /* SceneDelegate.swift in Sources */ = {isa = PBXBuildFile; fileRef = C1655C96256B7ED10067E3C5 /* SceneDelegate.swift */; };
		C1655C99256B7ED10067E3C5 /* BucketListViewController.swift in Sources */ = {isa = PBXBuildFile; fileRef = C1655C98256B7ED10067E3C5 /* BucketListViewController.swift */; };
		C1655C9C256B7ED10067E3C5 /* Main.storyboard in Resources */ = {isa = PBXBuildFile; fileRef = C1655C9A256B7ED10067E3C5 /* Main.storyboard */; };
		C1655C9E256B7ED30067E3C5 /* Assets.xcassets in Resources */ = {isa = PBXBuildFile; fileRef = C1655C9D256B7ED30067E3C5 /* Assets.xcassets */; };
		C1655CA1256B7ED30067E3C5 /* LaunchScreen.storyboard in Resources */ = {isa = PBXBuildFile; fileRef = C1655C9F256B7ED30067E3C5 /* LaunchScreen.storyboard */; };
		C1754EDC256E13650037C805 /* DetailRepository.swift in Sources */ = {isa = PBXBuildFile; fileRef = C1754EDB256E13650037C805 /* DetailRepository.swift */; };
		C1754EE3256E17F20037C805 /* LocalService.swift in Sources */ = {isa = PBXBuildFile; fileRef = C1754EE2256E17F20037C805 /* LocalService.swift */; };
		C1754EEC256E197C0037C805 /* NetworkService.swift in Sources */ = {isa = PBXBuildFile; fileRef = C1754EEB256E197C0037C805 /* NetworkService.swift */; };
		C1754EF1256E1A570037C805 /* NetworkError.swift in Sources */ = {isa = PBXBuildFile; fileRef = C1754EF0256E1A570037C805 /* NetworkError.swift */; };
		C1754EF5256E1B8B0037C805 /* HTTPMethod.swift in Sources */ = {isa = PBXBuildFile; fileRef = C1754EF4256E1B8B0037C805 /* HTTPMethod.swift */; };
		C1754F07256E4AC00037C805 /* ListUseCase.swift in Sources */ = {isa = PBXBuildFile; fileRef = C1754F06256E4AC00037C805 /* ListUseCase.swift */; };
		C175AA7825752C57009D8103 /* DetailListAddViewController.swift in Sources */ = {isa = PBXBuildFile; fileRef = C175AA7725752C57009D8103 /* DetailListAddViewController.swift */; };
		C175AA7C25752C7D009D8103 /* DetailListAdd.storyboard in Resources */ = {isa = PBXBuildFile; fileRef = C175AA7B25752C7D009D8103 /* DetailListAdd.storyboard */; };
		C175AA8025752F72009D8103 /* DetailAddCoordinator.swift in Sources */ = {isa = PBXBuildFile; fileRef = C175AA7F25752F72009D8103 /* DetailAddCoordinator.swift */; };
		C175D190256CC028001144F0 /* DetailListUseCase.swift in Sources */ = {isa = PBXBuildFile; fileRef = C175D18F256CC028001144F0 /* DetailListUseCase.swift */; };
		C175D194256CC2EC001144F0 /* DetailAPIAgent.swift in Sources */ = {isa = PBXBuildFile; fileRef = C175D193256CC2EC001144F0 /* DetailAPIAgent.swift */; };
		C175D197256CC31C001144F0 /* DetailLocalAgent.swift in Sources */ = {isa = PBXBuildFile; fileRef = C175D196256CC31C001144F0 /* DetailLocalAgent.swift */; };
		C175D19B256CCF3C001144F0 /* RealmDetailList.swift in Sources */ = {isa = PBXBuildFile; fileRef = C175D19A256CCF3C001144F0 /* RealmDetailList.swift */; };
		C175D1A4256CD242001144F0 /* project04Tests.swift in Sources */ = {isa = PBXBuildFile; fileRef = C175D1A3256CD242001144F0 /* project04Tests.swift */; };
		C1900D7E256B85ED0071E8C7 /* DetailListViewController.swift in Sources */ = {isa = PBXBuildFile; fileRef = C1900D7D256B85ED0071E8C7 /* DetailListViewController.swift */; };
		C1900D88256B8E220071E8C7 /* Detail.swift in Sources */ = {isa = PBXBuildFile; fileRef = C1900D87256B8E220071E8C7 /* Detail.swift */; };
		C1900D8C256B910F0071E8C7 /* DetailListViewModel.swift in Sources */ = {isa = PBXBuildFile; fileRef = C1900D8B256B910F0071E8C7 /* DetailListViewModel.swift */; };
		C1E6C40E2574D27900BD4B4B /* BucketList.storyboard in Resources */ = {isa = PBXBuildFile; fileRef = C1E6C40D2574D27900BD4B4B /* BucketList.storyboard */; };
		C1E6C4122574D31300BD4B4B /* DetailList.storyboard in Resources */ = {isa = PBXBuildFile; fileRef = C1E6C4112574D31300BD4B4B /* DetailList.storyboard */; };
		C1E6C4172574D45900BD4B4B /* MainTabBarController.swift in Sources */ = {isa = PBXBuildFile; fileRef = C1E6C4162574D45900BD4B4B /* MainTabBarController.swift */; };
		C1E6C41B2574D4BE00BD4B4B /* BucketCoordinator.swift in Sources */ = {isa = PBXBuildFile; fileRef = C1E6C41A2574D4BE00BD4B4B /* BucketCoordinator.swift */; };
		C1E6C41F2574E83200BD4B4B /* NavigationCoordinator.swift in Sources */ = {isa = PBXBuildFile; fileRef = C1E6C41E2574E83200BD4B4B /* NavigationCoordinator.swift */; };
/* End PBXBuildFile section */

/* Begin PBXContainerItemProxy section */
		C175D1A6256CD242001144F0 /* PBXContainerItemProxy */ = {
			isa = PBXContainerItemProxy;
			containerPortal = C1655C89256B7ED10067E3C5 /* Project object */;
			proxyType = 1;
			remoteGlobalIDString = C1655C90256B7ED10067E3C5;
			remoteInfo = project04;
		};
/* End PBXContainerItemProxy section */

/* Begin PBXFileReference section */
		331A739A467DFE1643A7FAD2 /* Pods-project04.release.xcconfig */ = {isa = PBXFileReference; includeInIndex = 1; lastKnownFileType = text.xcconfig; name = "Pods-project04.release.xcconfig"; path = "Target Support Files/Pods-project04/Pods-project04.release.xcconfig"; sourceTree = "<group>"; };
		549A8B673E411EE0B839D8C7 /* Pods_project04.framework */ = {isa = PBXFileReference; explicitFileType = wrapper.framework; includeInIndex = 0; path = Pods_project04.framework; sourceTree = BUILT_PRODUCTS_DIR; };
		8259AAF8256B9C19006698FC /* Bucket.swift */ = {isa = PBXFileReference; fileEncoding = 4; lastKnownFileType = sourcecode.swift; path = Bucket.swift; sourceTree = "<group>"; };
		8259AAFC256B9D49006698FC /* BucketListViewModel.swift */ = {isa = PBXFileReference; lastKnownFileType = sourcecode.swift; path = BucketListViewModel.swift; sourceTree = "<group>"; };
		82A7290D256F41DD00BD5797 /* BucketListUseCase.swift */ = {isa = PBXFileReference; lastKnownFileType = sourcecode.swift; path = BucketListUseCase.swift; sourceTree = "<group>"; };
		82A72912256F437100BD5797 /* BucketListRepository.swift */ = {isa = PBXFileReference; lastKnownFileType = sourcecode.swift; path = BucketListRepository.swift; sourceTree = "<group>"; };
		82A72916256F43E100BD5797 /* BucketLocalAgent.swift */ = {isa = PBXFileReference; lastKnownFileType = sourcecode.swift; path = BucketLocalAgent.swift; sourceTree = "<group>"; };
		82A7291A256F448100BD5797 /* BucketAPIAgent.swift */ = {isa = PBXFileReference; lastKnownFileType = sourcecode.swift; path = BucketAPIAgent.swift; sourceTree = "<group>"; };
		82A7291E256F4BCB00BD5797 /* RealmBucket.swift */ = {isa = PBXFileReference; lastKnownFileType = sourcecode.swift; path = RealmBucket.swift; sourceTree = "<group>"; };
		C11AC45F256B7F8B00E45667 /* .swiftlint.yml */ = {isa = PBXFileReference; fileEncoding = 4; lastKnownFileType = text.yaml; path = .swiftlint.yml; sourceTree = "<group>"; };
		C1655C91256B7ED10067E3C5 /* project04.app */ = {isa = PBXFileReference; explicitFileType = wrapper.application; includeInIndex = 0; path = project04.app; sourceTree = BUILT_PRODUCTS_DIR; };
		C1655C94256B7ED10067E3C5 /* AppDelegate.swift */ = {isa = PBXFileReference; lastKnownFileType = sourcecode.swift; path = AppDelegate.swift; sourceTree = "<group>"; };
		C1655C96256B7ED10067E3C5 /* SceneDelegate.swift */ = {isa = PBXFileReference; lastKnownFileType = sourcecode.swift; path = SceneDelegate.swift; sourceTree = "<group>"; };
		C1655C98256B7ED10067E3C5 /* BucketListViewController.swift */ = {isa = PBXFileReference; lastKnownFileType = sourcecode.swift; path = BucketListViewController.swift; sourceTree = "<group>"; };
		C1655C9B256B7ED10067E3C5 /* Base */ = {isa = PBXFileReference; lastKnownFileType = file.storyboard; name = Base; path = Base.lproj/Main.storyboard; sourceTree = "<group>"; };
		C1655C9D256B7ED30067E3C5 /* Assets.xcassets */ = {isa = PBXFileReference; lastKnownFileType = folder.assetcatalog; path = Assets.xcassets; sourceTree = "<group>"; };
		C1655CA0256B7ED30067E3C5 /* Base */ = {isa = PBXFileReference; lastKnownFileType = file.storyboard; name = Base; path = Base.lproj/LaunchScreen.storyboard; sourceTree = "<group>"; };
		C1655CA2256B7ED30067E3C5 /* Info.plist */ = {isa = PBXFileReference; lastKnownFileType = text.plist.xml; path = Info.plist; sourceTree = "<group>"; };
		C1754EDB256E13650037C805 /* DetailRepository.swift */ = {isa = PBXFileReference; lastKnownFileType = sourcecode.swift; path = DetailRepository.swift; sourceTree = "<group>"; };
		C1754EE2256E17F20037C805 /* LocalService.swift */ = {isa = PBXFileReference; lastKnownFileType = sourcecode.swift; path = LocalService.swift; sourceTree = "<group>"; };
		C1754EEB256E197C0037C805 /* NetworkService.swift */ = {isa = PBXFileReference; lastKnownFileType = sourcecode.swift; path = NetworkService.swift; sourceTree = "<group>"; };
		C1754EF0256E1A570037C805 /* NetworkError.swift */ = {isa = PBXFileReference; lastKnownFileType = sourcecode.swift; path = NetworkError.swift; sourceTree = "<group>"; };
		C1754EF4256E1B8B0037C805 /* HTTPMethod.swift */ = {isa = PBXFileReference; lastKnownFileType = sourcecode.swift; path = HTTPMethod.swift; sourceTree = "<group>"; };
		C1754F06256E4AC00037C805 /* ListUseCase.swift */ = {isa = PBXFileReference; lastKnownFileType = sourcecode.swift; path = ListUseCase.swift; sourceTree = "<group>"; };
		C175AA7725752C57009D8103 /* DetailListAddViewController.swift */ = {isa = PBXFileReference; lastKnownFileType = sourcecode.swift; path = DetailListAddViewController.swift; sourceTree = "<group>"; };
		C175AA7B25752C7D009D8103 /* DetailListAdd.storyboard */ = {isa = PBXFileReference; lastKnownFileType = file.storyboard; path = DetailListAdd.storyboard; sourceTree = "<group>"; };
		C175AA7F25752F72009D8103 /* DetailAddCoordinator.swift */ = {isa = PBXFileReference; lastKnownFileType = sourcecode.swift; path = DetailAddCoordinator.swift; sourceTree = "<group>"; };
		C175D18F256CC028001144F0 /* DetailListUseCase.swift */ = {isa = PBXFileReference; lastKnownFileType = sourcecode.swift; path = DetailListUseCase.swift; sourceTree = "<group>"; };
		C175D193256CC2EC001144F0 /* DetailAPIAgent.swift */ = {isa = PBXFileReference; lastKnownFileType = sourcecode.swift; path = DetailAPIAgent.swift; sourceTree = "<group>"; };
		C175D196256CC31C001144F0 /* DetailLocalAgent.swift */ = {isa = PBXFileReference; lastKnownFileType = sourcecode.swift; path = DetailLocalAgent.swift; sourceTree = "<group>"; };
		C175D19A256CCF3C001144F0 /* RealmDetailList.swift */ = {isa = PBXFileReference; lastKnownFileType = sourcecode.swift; path = RealmDetailList.swift; sourceTree = "<group>"; };
		C175D1A1256CD242001144F0 /* project04Tests.xctest */ = {isa = PBXFileReference; explicitFileType = wrapper.cfbundle; includeInIndex = 0; path = project04Tests.xctest; sourceTree = BUILT_PRODUCTS_DIR; };
		C175D1A3256CD242001144F0 /* project04Tests.swift */ = {isa = PBXFileReference; lastKnownFileType = sourcecode.swift; path = project04Tests.swift; sourceTree = "<group>"; };
		C175D1A5256CD242001144F0 /* Info.plist */ = {isa = PBXFileReference; lastKnownFileType = text.plist.xml; path = Info.plist; sourceTree = "<group>"; };
		C1900D7D256B85ED0071E8C7 /* DetailListViewController.swift */ = {isa = PBXFileReference; lastKnownFileType = sourcecode.swift; path = DetailListViewController.swift; sourceTree = "<group>"; };
		C1900D87256B8E220071E8C7 /* Detail.swift */ = {isa = PBXFileReference; lastKnownFileType = sourcecode.swift; name = Detail.swift; path = project04/Model/Detail.swift; sourceTree = SOURCE_ROOT; };
		C1900D8B256B910F0071E8C7 /* DetailListViewModel.swift */ = {isa = PBXFileReference; lastKnownFileType = sourcecode.swift; name = DetailListViewModel.swift; path = project04/Scene/DetailList/ViewModel/DetailListViewModel.swift; sourceTree = SOURCE_ROOT; };
		C1E6C40D2574D27900BD4B4B /* BucketList.storyboard */ = {isa = PBXFileReference; lastKnownFileType = file.storyboard; path = BucketList.storyboard; sourceTree = "<group>"; };
		C1E6C4112574D31300BD4B4B /* DetailList.storyboard */ = {isa = PBXFileReference; lastKnownFileType = file.storyboard; path = DetailList.storyboard; sourceTree = "<group>"; };
		C1E6C4162574D45900BD4B4B /* MainTabBarController.swift */ = {isa = PBXFileReference; lastKnownFileType = sourcecode.swift; path = MainTabBarController.swift; sourceTree = "<group>"; };
		C1E6C41A2574D4BE00BD4B4B /* BucketCoordinator.swift */ = {isa = PBXFileReference; lastKnownFileType = sourcecode.swift; path = BucketCoordinator.swift; sourceTree = "<group>"; };
		C1E6C41E2574E83200BD4B4B /* NavigationCoordinator.swift */ = {isa = PBXFileReference; lastKnownFileType = sourcecode.swift; path = NavigationCoordinator.swift; sourceTree = "<group>"; };
		EA43E93461629E8CD0B41E3B /* Pods-project04.debug.xcconfig */ = {isa = PBXFileReference; includeInIndex = 1; lastKnownFileType = text.xcconfig; name = "Pods-project04.debug.xcconfig"; path = "Target Support Files/Pods-project04/Pods-project04.debug.xcconfig"; sourceTree = "<group>"; };
/* End PBXFileReference section */

/* Begin PBXFrameworksBuildPhase section */
		C1655C8E256B7ED10067E3C5 /* Frameworks */ = {
			isa = PBXFrameworksBuildPhase;
			buildActionMask = 2147483647;
			files = (
				B20CB3CD1814FA9193815C42 /* Pods_project04.framework in Frameworks */,
			);
			runOnlyForDeploymentPostprocessing = 0;
		};
		C175D19E256CD242001144F0 /* Frameworks */ = {
			isa = PBXFrameworksBuildPhase;
			buildActionMask = 2147483647;
			files = (
			);
			runOnlyForDeploymentPostprocessing = 0;
		};
/* End PBXFrameworksBuildPhase section */

/* Begin PBXGroup section */
		2578609F17D298AAE7C6B0C1 /* Pods */ = {
			isa = PBXGroup;
			children = (
				EA43E93461629E8CD0B41E3B /* Pods-project04.debug.xcconfig */,
				331A739A467DFE1643A7FAD2 /* Pods-project04.release.xcconfig */,
			);
			path = Pods;
			sourceTree = "<group>";
		};
		594C3BC60F3CE7E204207FE6 /* Frameworks */ = {
			isa = PBXGroup;
			children = (
				549A8B673E411EE0B839D8C7 /* Pods_project04.framework */,
			);
			name = Frameworks;
			sourceTree = "<group>";
		};
		82A7290C256F41C100BD5797 /* UseCase */ = {
			isa = PBXGroup;
			children = (
				82A7290D256F41DD00BD5797 /* BucketListUseCase.swift */,
			);
			path = UseCase;
			sourceTree = "<group>";
		};
		82A72911256F434400BD5797 /* Repository */ = {
			isa = PBXGroup;
			children = (
				82A72912256F437100BD5797 /* BucketListRepository.swift */,
				82A72916256F43E100BD5797 /* BucketLocalAgent.swift */,
				82A7291A256F448100BD5797 /* BucketAPIAgent.swift */,
			);
			path = Repository;
			sourceTree = "<group>";
		};
		82E35108256F76E0000BFC6A /* ViewModel */ = {
			isa = PBXGroup;
			children = (
				C1900D8B256B910F0071E8C7 /* DetailListViewModel.swift */,
			);
			path = ViewModel;
			sourceTree = "<group>";
		};
		82E35109256F76F2000BFC6A /* ViewModel */ = {
			isa = PBXGroup;
			children = (
				8259AAFC256B9D49006698FC /* BucketListViewModel.swift */,
			);
			path = ViewModel;
			sourceTree = "<group>";
		};
		C1655C88256B7ED10067E3C5 = {
			isa = PBXGroup;
			children = (
				C1655C93256B7ED10067E3C5 /* project04 */,
				C175D1A2256CD242001144F0 /* project04Tests */,
				C1655C92256B7ED10067E3C5 /* Products */,
				2578609F17D298AAE7C6B0C1 /* Pods */,
				594C3BC60F3CE7E204207FE6 /* Frameworks */,
			);
			sourceTree = "<group>";
		};
		C1655C92256B7ED10067E3C5 /* Products */ = {
			isa = PBXGroup;
			children = (
				C1655C91256B7ED10067E3C5 /* project04.app */,
				C175D1A1256CD242001144F0 /* project04Tests.xctest */,
			);
			name = Products;
			sourceTree = "<group>";
		};
		C1655C93256B7ED10067E3C5 /* project04 */ = {
			isa = PBXGroup;
			children = (
				C1655CA2256B7ED30067E3C5 /* Info.plist */,
				C11AC45F256B7F8B00E45667 /* .swiftlint.yml */,
				C1E6C4152574D41600BD4B4B /* Coordinator */,
				C1900D79256B84C70071E8C7 /* App */,
				C1900D77256B83970071E8C7 /* Scene */,
				C1900D74256B82840071E8C7 /* Model */,
				C1754EE1256E17D40037C805 /* Util */,
			);
			path = project04;
			sourceTree = "<group>";
		};
		C1754ED4256E11350037C805 /* View */ = {
			isa = PBXGroup;
			children = (
				C1900D7D256B85ED0071E8C7 /* DetailListViewController.swift */,
				C1E6C4112574D31300BD4B4B /* DetailList.storyboard */,
				C175AA7725752C57009D8103 /* DetailListAddViewController.swift */,
				C175AA7B25752C7D009D8103 /* DetailListAdd.storyboard */,
			);
			path = View;
			sourceTree = "<group>";
		};
		C1754ED7256E11DF0037C805 /* View */ = {
			isa = PBXGroup;
			children = (
				C1655C98256B7ED10067E3C5 /* BucketListViewController.swift */,
				C1E6C40D2574D27900BD4B4B /* BucketList.storyboard */,
			);
			path = View;
			sourceTree = "<group>";
		};
		C1754ED8256E12870037C805 /* Repository */ = {
			isa = PBXGroup;
			children = (
				C1754EDB256E13650037C805 /* DetailRepository.swift */,
				C175D196256CC31C001144F0 /* DetailLocalAgent.swift */,
				C175D193256CC2EC001144F0 /* DetailAPIAgent.swift */,
			);
			path = Repository;
			sourceTree = "<group>";
		};
		C1754EE1256E17D40037C805 /* Util */ = {
			isa = PBXGroup;
			children = (
				C1754EEF256E1A4C0037C805 /* Enum */,
				C1754EE8256E17F70037C805 /* Protocol */,
			);
			path = Util;
			sourceTree = "<group>";
		};
		C1754EE8256E17F70037C805 /* Protocol */ = {
			isa = PBXGroup;
			children = (
				C1754EE2256E17F20037C805 /* LocalService.swift */,
				C1754EEB256E197C0037C805 /* NetworkService.swift */,
				C1754F06256E4AC00037C805 /* ListUseCase.swift */,
			);
			path = Protocol;
			sourceTree = "<group>";
		};
		C1754EEF256E1A4C0037C805 /* Enum */ = {
			isa = PBXGroup;
			children = (
				C1754EF0256E1A570037C805 /* NetworkError.swift */,
				C1754EF4256E1B8B0037C805 /* HTTPMethod.swift */,
			);
			path = Enum;
			sourceTree = "<group>";
		};
		C175D18E256CC006001144F0 /* UseCase */ = {
			isa = PBXGroup;
			children = (
				C175D18F256CC028001144F0 /* DetailListUseCase.swift */,
			);
			path = UseCase;
			sourceTree = "<group>";
		};
		C175D199256CCF0E001144F0 /* RealmObject */ = {
			isa = PBXGroup;
			children = (
				C175D19A256CCF3C001144F0 /* RealmDetailList.swift */,
				82A7291E256F4BCB00BD5797 /* RealmBucket.swift */,
			);
			path = RealmObject;
			sourceTree = "<group>";
		};
		C175D1A2256CD242001144F0 /* project04Tests */ = {
			isa = PBXGroup;
			children = (
				C175D1A3256CD242001144F0 /* project04Tests.swift */,
				C175D1A5256CD242001144F0 /* Info.plist */,
			);
			path = project04Tests;
			sourceTree = "<group>";
		};
		C1900D74256B82840071E8C7 /* Model */ = {
			isa = PBXGroup;
			children = (
				C175D199256CCF0E001144F0 /* RealmObject */,
				C1900D87256B8E220071E8C7 /* Detail.swift */,
				8259AAF8256B9C19006698FC /* Bucket.swift */,
			);
			path = Model;
			sourceTree = "<group>";
		};
		C1900D77256B83970071E8C7 /* Scene */ = {
			isa = PBXGroup;
			children = (
				C1900D7C256B85D50071E8C7 /* DetailList */,
				C1900D78256B84840071E8C7 /* BucketList */,
			);
			path = Scene;
			sourceTree = "<group>";
		};
		C1900D78256B84840071E8C7 /* BucketList */ = {
			isa = PBXGroup;
			children = (
				82E35109256F76F2000BFC6A /* ViewModel */,
				82A7290C256F41C100BD5797 /* UseCase */,
				82A72911256F434400BD5797 /* Repository */,
				C1754ED7256E11DF0037C805 /* View */,
			);
			path = BucketList;
			sourceTree = "<group>";
		};
		C1900D79256B84C70071E8C7 /* App */ = {
			isa = PBXGroup;
			children = (
				C1655C9A256B7ED10067E3C5 /* Main.storyboard */,
				C1655C9D256B7ED30067E3C5 /* Assets.xcassets */,
				C1655C9F256B7ED30067E3C5 /* LaunchScreen.storyboard */,
				C1655C94256B7ED10067E3C5 /* AppDelegate.swift */,
				C1655C96256B7ED10067E3C5 /* SceneDelegate.swift */,
			);
			path = App;
			sourceTree = "<group>";
		};
		C1900D7C256B85D50071E8C7 /* DetailList */ = {
			isa = PBXGroup;
			children = (
				82E35108256F76E0000BFC6A /* ViewModel */,
				C175D18E256CC006001144F0 /* UseCase */,
				C1754ED8256E12870037C805 /* Repository */,
				C1754ED4256E11350037C805 /* View */,
			);
			path = DetailList;
			sourceTree = "<group>";
		};
		C1E6C4152574D41600BD4B4B /* Coordinator */ = {
			isa = PBXGroup;
			children = (
				C1E6C4162574D45900BD4B4B /* MainTabBarController.swift */,
				C1E6C41A2574D4BE00BD4B4B /* BucketCoordinator.swift */,
				C175AA7F25752F72009D8103 /* DetailAddCoordinator.swift */,
				C1E6C41E2574E83200BD4B4B /* NavigationCoordinator.swift */,
			);
			path = Coordinator;
			sourceTree = "<group>";
		};
/* End PBXGroup section */

/* Begin PBXNativeTarget section */
		C1655C90256B7ED10067E3C5 /* project04 */ = {
			isa = PBXNativeTarget;
			buildConfigurationList = C1655CA5256B7ED30067E3C5 /* Build configuration list for PBXNativeTarget "project04" */;
			buildPhases = (
				7B765A691917FC0DD6156A10 /* [CP] Check Pods Manifest.lock */,
				C1655C8D256B7ED10067E3C5 /* Sources */,
				C1655C8E256B7ED10067E3C5 /* Frameworks */,
				C1655C8F256B7ED10067E3C5 /* Resources */,
				CA16B30F5314673F2287B2F5 /* [CP] Embed Pods Frameworks */,
			);
			buildRules = (
			);
			dependencies = (
			);
			name = project04;
			productName = project04;
			productReference = C1655C91256B7ED10067E3C5 /* project04.app */;
			productType = "com.apple.product-type.application";
		};
		C175D1A0256CD242001144F0 /* project04Tests */ = {
			isa = PBXNativeTarget;
			buildConfigurationList = C175D1A8256CD242001144F0 /* Build configuration list for PBXNativeTarget "project04Tests" */;
			buildPhases = (
				C175D19D256CD242001144F0 /* Sources */,
				C175D19E256CD242001144F0 /* Frameworks */,
				C175D19F256CD242001144F0 /* Resources */,
			);
			buildRules = (
			);
			dependencies = (
				C175D1A7256CD242001144F0 /* PBXTargetDependency */,
			);
			name = project04Tests;
			productName = project04Tests;
			productReference = C175D1A1256CD242001144F0 /* project04Tests.xctest */;
			productType = "com.apple.product-type.bundle.unit-test";
		};
/* End PBXNativeTarget section */

/* Begin PBXProject section */
		C1655C89256B7ED10067E3C5 /* Project object */ = {
			isa = PBXProject;
			attributes = {
				LastSwiftUpdateCheck = 1210;
				LastUpgradeCheck = 1210;
				TargetAttributes = {
					C1655C90256B7ED10067E3C5 = {
						CreatedOnToolsVersion = 12.1;
					};
					C175D1A0256CD242001144F0 = {
						CreatedOnToolsVersion = 12.1;
						TestTargetID = C1655C90256B7ED10067E3C5;
					};
				};
			};
			buildConfigurationList = C1655C8C256B7ED10067E3C5 /* Build configuration list for PBXProject "project04" */;
			compatibilityVersion = "Xcode 9.3";
			developmentRegion = en;
			hasScannedForEncodings = 0;
			knownRegions = (
				en,
				Base,
			);
			mainGroup = C1655C88256B7ED10067E3C5;
			productRefGroup = C1655C92256B7ED10067E3C5 /* Products */;
			projectDirPath = "";
			projectRoot = "";
			targets = (
				C1655C90256B7ED10067E3C5 /* project04 */,
				C175D1A0256CD242001144F0 /* project04Tests */,
			);
		};
/* End PBXProject section */

/* Begin PBXResourcesBuildPhase section */
		C1655C8F256B7ED10067E3C5 /* Resources */ = {
			isa = PBXResourcesBuildPhase;
			buildActionMask = 2147483647;
			files = (
				C11AC460256B7F8B00E45667 /* .swiftlint.yml in Resources */,
				C1655CA1256B7ED30067E3C5 /* LaunchScreen.storyboard in Resources */,
				C1E6C40E2574D27900BD4B4B /* BucketList.storyboard in Resources */,
				C1E6C4122574D31300BD4B4B /* DetailList.storyboard in Resources */,
				C1655C9E256B7ED30067E3C5 /* Assets.xcassets in Resources */,
				C175AA7C25752C7D009D8103 /* DetailListAdd.storyboard in Resources */,
				C1655C9C256B7ED10067E3C5 /* Main.storyboard in Resources */,
			);
			runOnlyForDeploymentPostprocessing = 0;
		};
		C175D19F256CD242001144F0 /* Resources */ = {
			isa = PBXResourcesBuildPhase;
			buildActionMask = 2147483647;
			files = (
			);
			runOnlyForDeploymentPostprocessing = 0;
		};
/* End PBXResourcesBuildPhase section */

/* Begin PBXShellScriptBuildPhase section */
		7B765A691917FC0DD6156A10 /* [CP] Check Pods Manifest.lock */ = {
			isa = PBXShellScriptBuildPhase;
			buildActionMask = 2147483647;
			files = (
			);
			inputFileListPaths = (
			);
			inputPaths = (
				"${PODS_PODFILE_DIR_PATH}/Podfile.lock",
				"${PODS_ROOT}/Manifest.lock",
			);
			name = "[CP] Check Pods Manifest.lock";
			outputFileListPaths = (
			);
			outputPaths = (
				"$(DERIVED_FILE_DIR)/Pods-project04-checkManifestLockResult.txt",
			);
			runOnlyForDeploymentPostprocessing = 0;
			shellPath = /bin/sh;
			shellScript = "diff \"${PODS_PODFILE_DIR_PATH}/Podfile.lock\" \"${PODS_ROOT}/Manifest.lock\" > /dev/null\nif [ $? != 0 ] ; then\n    # print error to STDERR\n    echo \"error: The sandbox is not in sync with the Podfile.lock. Run 'pod install' or update your CocoaPods installation.\" >&2\n    exit 1\nfi\n# This output is used by Xcode 'outputs' to avoid re-running this script phase.\necho \"SUCCESS\" > \"${SCRIPT_OUTPUT_FILE_0}\"\n";
			showEnvVarsInLog = 0;
		};
		CA16B30F5314673F2287B2F5 /* [CP] Embed Pods Frameworks */ = {
			isa = PBXShellScriptBuildPhase;
			buildActionMask = 2147483647;
			files = (
			);
			inputFileListPaths = (
				"${PODS_ROOT}/Target Support Files/Pods-project04/Pods-project04-frameworks-${CONFIGURATION}-input-files.xcfilelist",
			);
			name = "[CP] Embed Pods Frameworks";
			outputFileListPaths = (
				"${PODS_ROOT}/Target Support Files/Pods-project04/Pods-project04-frameworks-${CONFIGURATION}-output-files.xcfilelist",
			);
			runOnlyForDeploymentPostprocessing = 0;
			shellPath = /bin/sh;
			shellScript = "\"${PODS_ROOT}/Target Support Files/Pods-project04/Pods-project04-frameworks.sh\"\n";
			showEnvVarsInLog = 0;
		};
/* End PBXShellScriptBuildPhase section */

/* Begin PBXSourcesBuildPhase section */
		C1655C8D256B7ED10067E3C5 /* Sources */ = {
			isa = PBXSourcesBuildPhase;
			buildActionMask = 2147483647;
			files = (
				C1655C99256B7ED10067E3C5 /* BucketListViewController.swift in Sources */,
				C175AA8025752F72009D8103 /* DetailAddCoordinator.swift in Sources */,
				C175AA7825752C57009D8103 /* DetailListAddViewController.swift in Sources */,
				82A72917256F43E100BD5797 /* BucketLocalAgent.swift in Sources */,
				C1E6C4172574D45900BD4B4B /* MainTabBarController.swift in Sources */,
				C1754F07256E4AC00037C805 /* ListUseCase.swift in Sources */,
				C1754EF1256E1A570037C805 /* NetworkError.swift in Sources */,
				82A7291B256F448100BD5797 /* BucketAPIAgent.swift in Sources */,
				C1E6C41B2574D4BE00BD4B4B /* BucketCoordinator.swift in Sources */,
				C175D190256CC028001144F0 /* DetailListUseCase.swift in Sources */,
				C1655C95256B7ED10067E3C5 /* AppDelegate.swift in Sources */,
				C1900D88256B8E220071E8C7 /* Detail.swift in Sources */,
				C175D197256CC31C001144F0 /* DetailLocalAgent.swift in Sources */,
				C1754EE3256E17F20037C805 /* LocalService.swift in Sources */,
				8259AAFD256B9D49006698FC /* BucketListViewModel.swift in Sources */,
				C175D194256CC2EC001144F0 /* DetailAPIAgent.swift in Sources */,
				C1655C97256B7ED10067E3C5 /* SceneDelegate.swift in Sources */,
				C175D19B256CCF3C001144F0 /* RealmDetailList.swift in Sources */,
				C1E6C41F2574E83200BD4B4B /* NavigationCoordinator.swift in Sources */,
				C1754EEC256E197C0037C805 /* NetworkService.swift in Sources */,
				C1754EF5256E1B8B0037C805 /* HTTPMethod.swift in Sources */,
				8259AAF9256B9C19006698FC /* Bucket.swift in Sources */,
				C1900D7E256B85ED0071E8C7 /* DetailListViewController.swift in Sources */,
				C1754EDC256E13650037C805 /* DetailRepository.swift in Sources */,
				82A7290E256F41DD00BD5797 /* BucketListUseCase.swift in Sources */,
				82A7291F256F4BCB00BD5797 /* RealmBucket.swift in Sources */,
				C1900D8C256B910F0071E8C7 /* DetailListViewModel.swift in Sources */,
				82A72913256F437200BD5797 /* BucketListRepository.swift in Sources */,
			);
			runOnlyForDeploymentPostprocessing = 0;
		};
		C175D19D256CD242001144F0 /* Sources */ = {
			isa = PBXSourcesBuildPhase;
			buildActionMask = 2147483647;
			files = (
				C175D1A4256CD242001144F0 /* project04Tests.swift in Sources */,
			);
			runOnlyForDeploymentPostprocessing = 0;
		};
/* End PBXSourcesBuildPhase section */

/* Begin PBXTargetDependency section */
		C175D1A7256CD242001144F0 /* PBXTargetDependency */ = {
			isa = PBXTargetDependency;
			target = C1655C90256B7ED10067E3C5 /* project04 */;
			targetProxy = C175D1A6256CD242001144F0 /* PBXContainerItemProxy */;
		};
/* End PBXTargetDependency section */

/* Begin PBXVariantGroup section */
		C1655C9A256B7ED10067E3C5 /* Main.storyboard */ = {
			isa = PBXVariantGroup;
			children = (
				C1655C9B256B7ED10067E3C5 /* Base */,
			);
			name = Main.storyboard;
			sourceTree = "<group>";
		};
		C1655C9F256B7ED30067E3C5 /* LaunchScreen.storyboard */ = {
			isa = PBXVariantGroup;
			children = (
				C1655CA0256B7ED30067E3C5 /* Base */,
			);
			name = LaunchScreen.storyboard;
			sourceTree = "<group>";
		};
/* End PBXVariantGroup section */

/* Begin XCBuildConfiguration section */
		C1655CA3256B7ED30067E3C5 /* Debug */ = {
			isa = XCBuildConfiguration;
			buildSettings = {
				ALWAYS_SEARCH_USER_PATHS = NO;
				CLANG_ANALYZER_NONNULL = YES;
				CLANG_ANALYZER_NUMBER_OBJECT_CONVERSION = YES_AGGRESSIVE;
				CLANG_CXX_LANGUAGE_STANDARD = "gnu++14";
				CLANG_CXX_LIBRARY = "libc++";
				CLANG_ENABLE_MODULES = YES;
				CLANG_ENABLE_OBJC_ARC = YES;
				CLANG_ENABLE_OBJC_WEAK = YES;
				CLANG_WARN_BLOCK_CAPTURE_AUTORELEASING = YES;
				CLANG_WARN_BOOL_CONVERSION = YES;
				CLANG_WARN_COMMA = YES;
				CLANG_WARN_CONSTANT_CONVERSION = YES;
				CLANG_WARN_DEPRECATED_OBJC_IMPLEMENTATIONS = YES;
				CLANG_WARN_DIRECT_OBJC_ISA_USAGE = YES_ERROR;
				CLANG_WARN_DOCUMENTATION_COMMENTS = YES;
				CLANG_WARN_EMPTY_BODY = YES;
				CLANG_WARN_ENUM_CONVERSION = YES;
				CLANG_WARN_INFINITE_RECURSION = YES;
				CLANG_WARN_INT_CONVERSION = YES;
				CLANG_WARN_NON_LITERAL_NULL_CONVERSION = YES;
				CLANG_WARN_OBJC_IMPLICIT_RETAIN_SELF = YES;
				CLANG_WARN_OBJC_LITERAL_CONVERSION = YES;
				CLANG_WARN_OBJC_ROOT_CLASS = YES_ERROR;
				CLANG_WARN_QUOTED_INCLUDE_IN_FRAMEWORK_HEADER = YES;
				CLANG_WARN_RANGE_LOOP_ANALYSIS = YES;
				CLANG_WARN_STRICT_PROTOTYPES = YES;
				CLANG_WARN_SUSPICIOUS_MOVE = YES;
				CLANG_WARN_UNGUARDED_AVAILABILITY = YES_AGGRESSIVE;
				CLANG_WARN_UNREACHABLE_CODE = YES;
				CLANG_WARN__DUPLICATE_METHOD_MATCH = YES;
				COPY_PHASE_STRIP = NO;
				DEBUG_INFORMATION_FORMAT = dwarf;
				ENABLE_STRICT_OBJC_MSGSEND = YES;
				ENABLE_TESTABILITY = YES;
				GCC_C_LANGUAGE_STANDARD = gnu11;
				GCC_DYNAMIC_NO_PIC = NO;
				GCC_NO_COMMON_BLOCKS = YES;
				GCC_OPTIMIZATION_LEVEL = 0;
				GCC_PREPROCESSOR_DEFINITIONS = (
					"DEBUG=1",
					"$(inherited)",
				);
				GCC_WARN_64_TO_32_BIT_CONVERSION = YES;
				GCC_WARN_ABOUT_RETURN_TYPE = YES_ERROR;
				GCC_WARN_UNDECLARED_SELECTOR = YES;
				GCC_WARN_UNINITIALIZED_AUTOS = YES_AGGRESSIVE;
				GCC_WARN_UNUSED_FUNCTION = YES;
				GCC_WARN_UNUSED_VARIABLE = YES;
				IPHONEOS_DEPLOYMENT_TARGET = 14.1;
				MTL_ENABLE_DEBUG_INFO = INCLUDE_SOURCE;
				MTL_FAST_MATH = YES;
				ONLY_ACTIVE_ARCH = YES;
				SDKROOT = iphoneos;
				SWIFT_ACTIVE_COMPILATION_CONDITIONS = DEBUG;
				SWIFT_OPTIMIZATION_LEVEL = "-Onone";
			};
			name = Debug;
		};
		C1655CA4256B7ED30067E3C5 /* Release */ = {
			isa = XCBuildConfiguration;
			buildSettings = {
				ALWAYS_SEARCH_USER_PATHS = NO;
				CLANG_ANALYZER_NONNULL = YES;
				CLANG_ANALYZER_NUMBER_OBJECT_CONVERSION = YES_AGGRESSIVE;
				CLANG_CXX_LANGUAGE_STANDARD = "gnu++14";
				CLANG_CXX_LIBRARY = "libc++";
				CLANG_ENABLE_MODULES = YES;
				CLANG_ENABLE_OBJC_ARC = YES;
				CLANG_ENABLE_OBJC_WEAK = YES;
				CLANG_WARN_BLOCK_CAPTURE_AUTORELEASING = YES;
				CLANG_WARN_BOOL_CONVERSION = YES;
				CLANG_WARN_COMMA = YES;
				CLANG_WARN_CONSTANT_CONVERSION = YES;
				CLANG_WARN_DEPRECATED_OBJC_IMPLEMENTATIONS = YES;
				CLANG_WARN_DIRECT_OBJC_ISA_USAGE = YES_ERROR;
				CLANG_WARN_DOCUMENTATION_COMMENTS = YES;
				CLANG_WARN_EMPTY_BODY = YES;
				CLANG_WARN_ENUM_CONVERSION = YES;
				CLANG_WARN_INFINITE_RECURSION = YES;
				CLANG_WARN_INT_CONVERSION = YES;
				CLANG_WARN_NON_LITERAL_NULL_CONVERSION = YES;
				CLANG_WARN_OBJC_IMPLICIT_RETAIN_SELF = YES;
				CLANG_WARN_OBJC_LITERAL_CONVERSION = YES;
				CLANG_WARN_OBJC_ROOT_CLASS = YES_ERROR;
				CLANG_WARN_QUOTED_INCLUDE_IN_FRAMEWORK_HEADER = YES;
				CLANG_WARN_RANGE_LOOP_ANALYSIS = YES;
				CLANG_WARN_STRICT_PROTOTYPES = YES;
				CLANG_WARN_SUSPICIOUS_MOVE = YES;
				CLANG_WARN_UNGUARDED_AVAILABILITY = YES_AGGRESSIVE;
				CLANG_WARN_UNREACHABLE_CODE = YES;
				CLANG_WARN__DUPLICATE_METHOD_MATCH = YES;
				COPY_PHASE_STRIP = NO;
				DEBUG_INFORMATION_FORMAT = "dwarf-with-dsym";
				ENABLE_NS_ASSERTIONS = NO;
				ENABLE_STRICT_OBJC_MSGSEND = YES;
				GCC_C_LANGUAGE_STANDARD = gnu11;
				GCC_NO_COMMON_BLOCKS = YES;
				GCC_WARN_64_TO_32_BIT_CONVERSION = YES;
				GCC_WARN_ABOUT_RETURN_TYPE = YES_ERROR;
				GCC_WARN_UNDECLARED_SELECTOR = YES;
				GCC_WARN_UNINITIALIZED_AUTOS = YES_AGGRESSIVE;
				GCC_WARN_UNUSED_FUNCTION = YES;
				GCC_WARN_UNUSED_VARIABLE = YES;
				IPHONEOS_DEPLOYMENT_TARGET = 14.1;
				MTL_ENABLE_DEBUG_INFO = NO;
				MTL_FAST_MATH = YES;
				SDKROOT = iphoneos;
				SWIFT_COMPILATION_MODE = wholemodule;
				SWIFT_OPTIMIZATION_LEVEL = "-O";
				VALIDATE_PRODUCT = YES;
			};
			name = Release;
		};
		C1655CA6256B7ED30067E3C5 /* Debug */ = {
			isa = XCBuildConfiguration;
			baseConfigurationReference = EA43E93461629E8CD0B41E3B /* Pods-project04.debug.xcconfig */;
			buildSettings = {
				ASSETCATALOG_COMPILER_APPICON_NAME = AppIcon;
				ASSETCATALOG_COMPILER_GLOBAL_ACCENT_COLOR_NAME = AccentColor;
				CODE_SIGN_STYLE = Automatic;
				DEVELOPMENT_TEAM = B3PWYBKFUK;
				INFOPLIST_FILE = "$(SRCROOT)/project04/Info.plist";
				LD_RUNPATH_SEARCH_PATHS = (
					"$(inherited)",
					"@executable_path/Frameworks",
				);
				PRODUCT_BUNDLE_IDENTIFIER = namkibeom.project04;
				PRODUCT_NAME = "$(TARGET_NAME)";
				SWIFT_VERSION = 5.0;
				TARGETED_DEVICE_FAMILY = "1,2";
			};
			name = Debug;
		};
		C1655CA7256B7ED30067E3C5 /* Release */ = {
			isa = XCBuildConfiguration;
			baseConfigurationReference = 331A739A467DFE1643A7FAD2 /* Pods-project04.release.xcconfig */;
			buildSettings = {
				ASSETCATALOG_COMPILER_APPICON_NAME = AppIcon;
				ASSETCATALOG_COMPILER_GLOBAL_ACCENT_COLOR_NAME = AccentColor;
				CODE_SIGN_STYLE = Automatic;
				DEVELOPMENT_TEAM = B3PWYBKFUK;
				INFOPLIST_FILE = "$(SRCROOT)/project04/Info.plist";
				LD_RUNPATH_SEARCH_PATHS = (
					"$(inherited)",
					"@executable_path/Frameworks",
				);
				PRODUCT_BUNDLE_IDENTIFIER = namkibeom.project04;
				PRODUCT_NAME = "$(TARGET_NAME)";
				SWIFT_VERSION = 5.0;
				TARGETED_DEVICE_FAMILY = "1,2";
			};
			name = Release;
		};
		C175D1A9256CD242001144F0 /* Debug */ = {
			isa = XCBuildConfiguration;
			buildSettings = {
				BUNDLE_LOADER = "$(TEST_HOST)";
				CODE_SIGN_STYLE = Automatic;
				DEVELOPMENT_TEAM = B3PWYBKFUK;
				INFOPLIST_FILE = project04Tests/Info.plist;
				LD_RUNPATH_SEARCH_PATHS = (
					"$(inherited)",
					"@executable_path/Frameworks",
					"@loader_path/Frameworks",
				);
				PRODUCT_BUNDLE_IDENTIFIER = namkibeom.project04Tests;
				PRODUCT_NAME = "$(TARGET_NAME)";
				SWIFT_VERSION = 5.0;
				TARGETED_DEVICE_FAMILY = "1,2";
				TEST_HOST = "$(BUILT_PRODUCTS_DIR)/project04.app/project04";
			};
			name = Debug;
		};
		C175D1AA256CD242001144F0 /* Release */ = {
			isa = XCBuildConfiguration;
			buildSettings = {
				BUNDLE_LOADER = "$(TEST_HOST)";
				CODE_SIGN_STYLE = Automatic;
				DEVELOPMENT_TEAM = B3PWYBKFUK;
				INFOPLIST_FILE = project04Tests/Info.plist;
				LD_RUNPATH_SEARCH_PATHS = (
					"$(inherited)",
					"@executable_path/Frameworks",
					"@loader_path/Frameworks",
				);
				PRODUCT_BUNDLE_IDENTIFIER = namkibeom.project04Tests;
				PRODUCT_NAME = "$(TARGET_NAME)";
				SWIFT_VERSION = 5.0;
				TARGETED_DEVICE_FAMILY = "1,2";
				TEST_HOST = "$(BUILT_PRODUCTS_DIR)/project04.app/project04";
			};
			name = Release;
		};
/* End XCBuildConfiguration section */

/* Begin XCConfigurationList section */
		C1655C8C256B7ED10067E3C5 /* Build configuration list for PBXProject "project04" */ = {
			isa = XCConfigurationList;
			buildConfigurations = (
				C1655CA3256B7ED30067E3C5 /* Debug */,
				C1655CA4256B7ED30067E3C5 /* Release */,
			);
			defaultConfigurationIsVisible = 0;
			defaultConfigurationName = Release;
		};
		C1655CA5256B7ED30067E3C5 /* Build configuration list for PBXNativeTarget "project04" */ = {
			isa = XCConfigurationList;
			buildConfigurations = (
				C1655CA6256B7ED30067E3C5 /* Debug */,
				C1655CA7256B7ED30067E3C5 /* Release */,
			);
			defaultConfigurationIsVisible = 0;
			defaultConfigurationName = Release;
		};
		C175D1A8256CD242001144F0 /* Build configuration list for PBXNativeTarget "project04Tests" */ = {
			isa = XCConfigurationList;
			buildConfigurations = (
				C175D1A9256CD242001144F0 /* Debug */,
				C175D1AA256CD242001144F0 /* Release */,
			);
			defaultConfigurationIsVisible = 0;
			defaultConfigurationName = Release;
		};
/* End XCConfigurationList section */
	};
	rootObject = C1655C89256B7ED10067E3C5 /* Project object */;
}
